
Microsoft Visual Studio Solution File, Format Version 12.00
# Visual Studio Version 16
VisualStudioVersion = 16.0.808.1
MinimumVisualStudioVersion = 10.0.40219.1
Project("{FAE04EC0-301F-11D3-BF4B-00C04F79EFBC}") = "aspose_pdf_backend", "aspose_pdf_backend.csproj", "{9F94C4DA-1345-4691-BE41-6DA8A2EFAB61}"
EndProject
Global
	GlobalSection(SolutionConfigurationPlatforms) = preSolution
		Debug|Any CPU = Debug|Any CPU
		Release|Any CPU = Release|Any CPU
	EndGlobalSection
	GlobalSection(ProjectConfigurationPlatforms) = postSolution
		{9F94C4DA-1345-4691-BE41-6DA8A2EFAB61}.Debug|Any CPU.ActiveCfg = Debug|Any CPU
		{9F94C4DA-1345-4691-BE41-6DA8A2EFAB61}.Debug|Any CPU.Build.0 = Debug|Any CPU
		{9F94C4DA-1345-4691-BE41-6DA8A2EFAB61}.Release|Any CPU.ActiveCfg = Release|Any CPU
		{9F94C4DA-1345-4691-BE41-6DA8A2EFAB61}.Release|Any CPU.Build.0 = Release|Any CPU
	EndGlobalSection
	GlobalSection(SolutionProperties) = preSolution
		HideSolutionNode = FALSE
	EndGlobalSection
	GlobalSection(ExtensibilityGlobals) = postSolution
		SolutionGuid = {63C6E2B8-0FAC-4CBF-B852-905B646C54C8}
	EndGlobalSection
EndGlobal
